# THIS IS AN AUTOGENERATED FILE. DO NOT EDIT THIS FILE DIRECTLY.
# yarn lockfile v1


"@babel/runtime@^7.9.2":
  version "7.28.4"
  resolved "https://registry.yarnpkg.com/@babel/runtime/-/runtime-7.28.4.tgz#a70226016fabe25c5783b2f22d3e1c9bc5ca3326"
  integrity sha512-Q/N6JNWvIvPnLDvjlE1OUBLPQHH6l3CltCEsHIujp45zQUSSh8K+gHnaEX45yAT1nyngnINhvWtzN+Nb9D8RAQ==

benchmark@^2.1.4:
  version "2.1.4"
  resolved "https://registry.yarnpkg.com/benchmark/-/benchmark-2.1.4.tgz#09f3de31c916425d498cc2ee565a0ebf3c2a5629"
  integrity sha512-l9MlfN4M1K/H2fbhfMy3B7vJd6AGKJVQn2h6Sg/Yx+KckoUA7ewS5Vv6TjSq18ooE1kS9hhAlQRH3AkXIh/aOQ==
  dependencies:
    lodash "^4.17.4"
    platform "^1.3.3"

lodash@^4.17.4:
  version "4.17.21"
  resolved "https://registry.yarnpkg.com/lodash/-/lodash-4.17.21.tgz#679591c564c3bffaae8454cf0b3df370c3d6911c"
  integrity sha512-v2kDEe57lecTulaDIuNTPy3Ry4gLGJ6Z1O3vE1krgXZNrsQ+LFTGHVxVjcXPs17LhbZVGedAJv8XZ1tvj5FvSg==

microdiff@^1.4.0:
  version "1.5.0"
  resolved "https://registry.yarnpkg.com/microdiff/-/microdiff-1.5.0.tgz#d16219b223396f11ffcf441da26a43d3e6bd06f8"
  integrity sha512-Drq+/THMvDdzRYrK0oxJmOKiC24ayUV8ahrt8l3oRK51PWt6gdtrIGrlIH3pT/lFh1z93FbAcidtsHcWbnRz8Q==

mutative@^1.3.0:
  version "1.3.0"
  resolved "https://registry.yarnpkg.com/mutative/-/mutative-1.3.0.tgz#9cb4f216813267487fadfae794881ed6ee69f444"
  integrity sha512-8MJj6URmOZAV70dpFe1YnSppRTKC4DsMkXQiBDFayLcDI4ljGokHxmpqaBQuDWa4iAxWaJJ1PS8vAmbntjjKmQ==

platform@^1.3.3:
  version "1.3.6"
  resolved "https://registry.yarnpkg.com/platform/-/platform-1.3.6.tgz#48b4ce983164b209c2d45a107adb31f473a6e7a7"
  integrity sha512-fnWVljUchTro6RiCFvCXBbNhJc2NijN7oIQxbwsyL0buWJPG85v81ehlHI9fXrJsMNgTofEoWIQeClKpgxFLrg==

redux-undo@^1.1.0:
  version "1.1.0"
  resolved "https://registry.yarnpkg.com/redux-undo/-/redux-undo-1.1.0.tgz#ae28e517797b1aa5521d55da561f7214d310f8a5"
  integrity sha512-zzLFh2qeF0MTIlzDhDLm9NtkfBqCllQJ3OCuIl5RKlG/ayHw6GUdIFdMhzMS9NnrnWdBX5u//ExMOHpfudGGOg==

redux@^4.2.1:
  version "4.2.1"
  resolved "https://registry.yarnpkg.com/redux/-/redux-4.2.1.tgz#c08f4306826c49b5e9dc901dee0452ea8fce6197"
  integrity sha512-LAUYz4lc+Do8/g7aeRa8JkyDErK6ekstQaqWQrNRW//MY1TvCEpMtpTWvlQ+FPbWCx+Xixu/6SHt5N0HR+SB4w==
  dependencies:
    "@babel/runtime" "^7.9.2"

"travels@file:..":
  version "0.4.0"

use-sync-external-store@^1.2.2:
  version "1.6.0"
  resolved "https://registry.yarnpkg.com/use-sync-external-store/-/use-sync-external-store-1.6.0.tgz#b174bfa65cb2b526732d9f2ac0a408027876f32d"
  integrity sha512-Pp6GSwGP/NrPIrxVFAIkOQeyw8lFenOHijQWkUTrDvrF4ALqylP2C/KCkeS9dpUM3KvYRQhna5vt7IL95+ZQ9w==

zundo@^2.3.0:
  version "2.3.0"
  resolved "https://registry.yarnpkg.com/zundo/-/zundo-2.3.0.tgz#423ccef59c92c7084c809a967a28f34d41d28a5f"
  integrity sha512-4GXYxXA17SIKYhVbWHdSEU04P697IMyVGXrC2TnzoyohEAWytFNOKqOp5gTGvaW93F/PM5Y0evbGtOPF0PWQwQ==

zustand@^4.5.0:
  version "4.5.7"
  resolved "https://registry.yarnpkg.com/zustand/-/zustand-4.5.7.tgz#7d6bb2026a142415dd8be8891d7870e6dbe65f55"
  integrity sha512-CHOUy7mu3lbD6o6LJLfllpjkzhHXSBlX8B9+qPddUsIfeF5S/UZ5q0kmCsnRqT1UHFQZchNFDDzMbQsuesHWlw==
  dependencies:
    use-sync-external-store "^1.2.2"
